
Microsoft Visual Studio Solution File, Format Version 12.00
# Visual Studio Version 17
VisualStudioVersion = 17.5.33530.505
MinimumVisualStudioVersion = 10.0.40219.1
Project("{FAE04EC0-301F-11D3-BF4B-00C04F79EFBC}") = "WindowsFormsAppLogin", "WindowsFormsAppLogin\WindowsFormsAppLogin.csproj", "{35C9E920-C4CA-4444-92A2-DE191F87ED09}"
EndProject
Global
	GlobalSection(SolutionConfigurationPlatforms) = preSolution
		Debug|Any CPU = Debug|Any CPU
		Release|Any CPU = Release|Any CPU
	EndGlobalSection
	GlobalSection(ProjectConfigurationPlatforms) = postSolution
		{35C9E920-C4CA-4444-92A2-DE191F87ED09}.Debug|Any CPU.ActiveCfg = Debug|Any CPU
		{35C9E920-C4CA-4444-92A2-DE191F87ED09}.Debug|Any CPU.Build.0 = Debug|Any CPU
		{35C9E920-C4CA-4444-92A2-DE191F87ED09}.Release|Any CPU.ActiveCfg = Release|Any CPU
		{35C9E920-C4CA-4444-92A2-DE191F87ED09}.Release|Any CPU.Build.0 = Release|Any CPU
	EndGlobalSection
	GlobalSection(SolutionProperties) = preSolution
		HideSolutionNode = FALSE
	EndGlobalSection
	GlobalSection(ExtensibilityGlobals) = postSolution
		SolutionGuid = {81920542-E83A-4AF9-A700-A7813E659F4A}
	EndGlobalSection
EndGlobal
